
Microsoft Visual Studio Solution File, Format Version 12.00
# Visual Studio Version 17
VisualStudioVersion = 17.2.32526.322
MinimumVisualStudioVersion = 10.0.40219.1
Project("{FAE04EC0-301F-11D3-BF4B-00C04F79EFBC}") = "FlowersApi", "FlowersApi\FlowersApi.csproj", "{5C6447D1-BB4B-4EB4-8282-D7CDF80A5A29}"
EndProject
Global
	GlobalSection(SolutionConfigurationPlatforms) = preSolution
		Debug|Any CPU = Debug|Any CPU
		Release|Any CPU = Release|Any CPU
	EndGlobalSection
	GlobalSection(ProjectConfigurationPlatforms) = postSolution
		{5C6447D1-BB4B-4EB4-8282-D7CDF80A5A29}.Debug|Any CPU.ActiveCfg = Debug|Any CPU
		{5C6447D1-BB4B-4EB4-8282-D7CDF80A5A29}.Debug|Any CPU.Build.0 = Debug|Any CPU
		{5C6447D1-BB4B-4EB4-8282-D7CDF80A5A29}.Release|Any CPU.ActiveCfg = Release|Any CPU
		{5C6447D1-BB4B-4EB4-8282-D7CDF80A5A29}.Release|Any CPU.Build.0 = Release|Any CPU
	EndGlobalSection
	GlobalSection(SolutionProperties) = preSolution
		HideSolutionNode = FALSE
	EndGlobalSection
	GlobalSection(ExtensibilityGlobals) = postSolution
		SolutionGuid = {CF8E37A7-F875-45BB-B7CA-B68906BED8C3}
	EndGlobalSection
EndGlobal
